// !$*UTF8*$!
{
	archiveVersion = 1;
	classes = {
	};
	objectVersion = 56;
	objects = {

/* Begin PBXBuildFile section */
		EE20EEB12A4615BF00EA4A41 /* InspectorExampleApp.swift in Sources */ = {isa = PBXBuildFile; fileRef = EE20EEB02A4615BF00EA4A41 /* InspectorExampleApp.swift */; };
		EE20EEB32A4615BF00EA4A41 /* NavigationSplitView.swift in Sources */ = {isa = PBXBuildFile; fileRef = EE20EEB22A4615BF00EA4A41 /* NavigationSplitView.swift */; };
		EE20EEB52A4615C000EA4A41 /* Assets.xcassets in Resources */ = {isa = PBXBuildFile; fileRef = EE20EEB42A4615C000EA4A41 /* Assets.xcassets */; };
		EE20EEB82A4615C000EA4A41 /* Preview Assets.xcassets in Resources */ = {isa = PBXBuildFile; fileRef = EE20EEB72A4615C000EA4A41 /* Preview Assets.xcassets */; };
		EE20EEBF2A46164800EA4A41 /* FruitNibbleBulletinView.swift in Sources */ = {isa = PBXBuildFile; fileRef = EE20EEBE2A46164800EA4A41 /* FruitNibbleBulletinView.swift */; };
		EE20EEC12A46167900EA4A41 /* AppleParkMapView.swift in Sources */ = {isa = PBXBuildFile; fileRef = EE20EEC02A46167900EA4A41 /* AppleParkMapView.swift */; };
		EE20EEC32A46176D00EA4A41 /* Fruit.swift in Sources */ = {isa = PBXBuildFile; fileRef = EE20EEC22A46176D00EA4A41 /* Fruit.swift */; };
		EE20EEC52A4617A800EA4A41 /* Animal.swift in Sources */ = {isa = PBXBuildFile; fileRef = EE20EEC42A4617A800EA4A41 /* Animal.swift */; };
		EE20EEC92A46187000EA4A41 /* AnimalStore.swift in Sources */ = {isa = PBXBuildFile; fileRef = EE20EEC82A46187000EA4A41 /* AnimalStore.swift */; };
		EE20EECB2A46191900EA4A41 /* FruitList.swift in Sources */ = {isa = PBXBuildFile; fileRef = EE20EECA2A46191900EA4A41 /* FruitList.swift */; };
		EE20EECD2A461A3B00EA4A41 /* AnimalInspectorFrom.swift in Sources */ = {isa = PBXBuildFile; fileRef = EE20EECC2A461A3B00EA4A41 /* AnimalInspectorFrom.swift */; };
		EE63536F2B5F1C480018FB29 /* DrawingEngine.swift in Sources */ = {isa = PBXBuildFile; fileRef = EE6353692B5F1C480018FB29 /* DrawingEngine.swift */; };
		EE6353712B5F1C480018FB29 /* CanvasExampleView.swift in Sources */ = {isa = PBXBuildFile; fileRef = EE63536B2B5F1C480018FB29 /* CanvasExampleView.swift */; };
		EE6353722B5F1C480018FB29 /* DrawingShape.swift in Sources */ = {isa = PBXBuildFile; fileRef = EE63536C2B5F1C480018FB29 /* DrawingShape.swift */; };
		EE6353732B5F1C480018FB29 /* DrawingView.swift in Sources */ = {isa = PBXBuildFile; fileRef = EE63536D2B5F1C480018FB29 /* DrawingView.swift */; };
		EE6353742B5F1C480018FB29 /* Line.swift in Sources */ = {isa = PBXBuildFile; fileRef = EE63536E2B5F1C480018FB29 /* Line.swift */; };
		EE6353772B5F373E0018FB29 /* UIDevice+Extensions.swift in Sources */ = {isa = PBXBuildFile; fileRef = EE6353762B5F373E0018FB29 /* UIDevice+Extensions.swift */; };
		EED777592ACA38A000D8585A /* Binding+Extensions.swift in Sources */ = {isa = PBXBuildFile; fileRef = EED777582ACA38A000D8585A /* Binding+Extensions.swift */; };
		EED7775F2ACA39F600D8585A /* Array+Extensions.swift in Sources */ = {isa = PBXBuildFile; fileRef = EED7775E2ACA39F600D8585A /* Array+Extensions.swift */; };
		EED777612ACA3A6500D8585A /* FruitImageView.swift in Sources */ = {isa = PBXBuildFile; fileRef = EED777602ACA3A6500D8585A /* FruitImageView.swift */; };
		EED777632ACA3B9400D8585A /* SideBarView.swift in Sources */ = {isa = PBXBuildFile; fileRef = EED777622ACA3B9400D8585A /* SideBarView.swift */; };
		EED777672ACA41BD00D8585A /* AnimalTableView.swift in Sources */ = {isa = PBXBuildFile; fileRef = EED777662ACA41BD00D8585A /* AnimalTableView.swift */; };
/* End PBXBuildFile section */

/* Begin PBXFileReference section */
		EE20EEAD2A4615BF00EA4A41 /* InspectorExample.app */ = {isa = PBXFileReference; explicitFileType = wrapper.application; includeInIndex = 0; path = InspectorExample.app; sourceTree = BUILT_PRODUCTS_DIR; };
		EE20EEB02A4615BF00EA4A41 /* InspectorExampleApp.swift */ = {isa = PBXFileReference; lastKnownFileType = sourcecode.swift; path = InspectorExampleApp.swift; sourceTree = "<group>"; };
		EE20EEB22A4615BF00EA4A41 /* NavigationSplitView.swift */ = {isa = PBXFileReference; lastKnownFileType = sourcecode.swift; path = NavigationSplitView.swift; sourceTree = "<group>"; };
		EE20EEB42A4615C000EA4A41 /* Assets.xcassets */ = {isa = PBXFileReference; lastKnownFileType = folder.assetcatalog; path = Assets.xcassets; sourceTree = "<group>"; };
		EE20EEB72A4615C000EA4A41 /* Preview Assets.xcassets */ = {isa = PBXFileReference; lastKnownFileType = folder.assetcatalog; path = "Preview Assets.xcassets"; sourceTree = "<group>"; };
		EE20EEBE2A46164800EA4A41 /* FruitNibbleBulletinView.swift */ = {isa = PBXFileReference; lastKnownFileType = sourcecode.swift; path = FruitNibbleBulletinView.swift; sourceTree = "<group>"; };
		EE20EEC02A46167900EA4A41 /* AppleParkMapView.swift */ = {isa = PBXFileReference; lastKnownFileType = sourcecode.swift; path = AppleParkMapView.swift; sourceTree = "<group>"; };
		EE20EEC22A46176D00EA4A41 /* Fruit.swift */ = {isa = PBXFileReference; lastKnownFileType = sourcecode.swift; path = Fruit.swift; sourceTree = "<group>"; };
		EE20EEC42A4617A800EA4A41 /* Animal.swift */ = {isa = PBXFileReference; lastKnownFileType = sourcecode.swift; path = Animal.swift; sourceTree = "<group>"; };
		EE20EEC82A46187000EA4A41 /* AnimalStore.swift */ = {isa = PBXFileReference; lastKnownFileType = sourcecode.swift; path = AnimalStore.swift; sourceTree = "<group>"; };
		EE20EECA2A46191900EA4A41 /* FruitList.swift */ = {isa = PBXFileReference; lastKnownFileType = sourcecode.swift; path = FruitList.swift; sourceTree = "<group>"; };
		EE20EECC2A461A3B00EA4A41 /* AnimalInspectorFrom.swift */ = {isa = PBXFileReference; lastKnownFileType = sourcecode.swift; path = AnimalInspectorFrom.swift; sourceTree = "<group>"; };
		EE6353692B5F1C480018FB29 /* DrawingEngine.swift */ = {isa = PBXFileReference; fileEncoding = 4; lastKnownFileType = sourcecode.swift; path = DrawingEngine.swift; sourceTree = "<group>"; };
		EE63536B2B5F1C480018FB29 /* CanvasExampleView.swift */ = {isa = PBXFileReference; fileEncoding = 4; lastKnownFileType = sourcecode.swift; path = CanvasExampleView.swift; sourceTree = "<group>"; };
		EE63536C2B5F1C480018FB29 /* DrawingShape.swift */ = {isa = PBXFileReference; fileEncoding = 4; lastKnownFileType = sourcecode.swift; path = DrawingShape.swift; sourceTree = "<group>"; };
		EE63536D2B5F1C480018FB29 /* DrawingView.swift */ = {isa = PBXFileReference; fileEncoding = 4; lastKnownFileType = sourcecode.swift; path = DrawingView.swift; sourceTree = "<group>"; };
		EE63536E2B5F1C480018FB29 /* Line.swift */ = {isa = PBXFileReference; fileEncoding = 4; lastKnownFileType = sourcecode.swift; path = Line.swift; sourceTree = "<group>"; };
		EE6353762B5F373E0018FB29 /* UIDevice+Extensions.swift */ = {isa = PBXFileReference; lastKnownFileType = sourcecode.swift; path = "UIDevice+Extensions.swift"; sourceTree = "<group>"; };
		EED777582ACA38A000D8585A /* Binding+Extensions.swift */ = {isa = PBXFileReference; lastKnownFileType = sourcecode.swift; path = "Binding+Extensions.swift"; sourceTree = "<group>"; };
		EED7775E2ACA39F600D8585A /* Array+Extensions.swift */ = {isa = PBXFileReference; lastKnownFileType = sourcecode.swift; path = "Array+Extensions.swift"; sourceTree = "<group>"; };
		EED777602ACA3A6500D8585A /* FruitImageView.swift */ = {isa = PBXFileReference; lastKnownFileType = sourcecode.swift; path = FruitImageView.swift; sourceTree = "<group>"; };
		EED777622ACA3B9400D8585A /* SideBarView.swift */ = {isa = PBXFileReference; lastKnownFileType = sourcecode.swift; path = SideBarView.swift; sourceTree = "<group>"; };
		EED777662ACA41BD00D8585A /* AnimalTableView.swift */ = {isa = PBXFileReference; lastKnownFileType = sourcecode.swift; path = AnimalTableView.swift; sourceTree = "<group>"; };
/* End PBXFileReference section */

/* Begin PBXFrameworksBuildPhase section */
		EE20EEAA2A4615BF00EA4A41 /* Frameworks */ = {
			isa = PBXFrameworksBuildPhase;
			buildActionMask = 2147483647;
			files = (
			);
			runOnlyForDeploymentPostprocessing = 0;
		};
/* End PBXFrameworksBuildPhase section */

/* Begin PBXGroup section */
		EE20EEA42A4615BF00EA4A41 = {
			isa = PBXGroup;
			children = (
				EE20EEAF2A4615BF00EA4A41 /* InspectorExample */,
				EE20EEAE2A4615BF00EA4A41 /* Products */,
			);
			sourceTree = "<group>";
		};
		EE20EEAE2A4615BF00EA4A41 /* Products */ = {
			isa = PBXGroup;
			children = (
				EE20EEAD2A4615BF00EA4A41 /* InspectorExample.app */,
			);
			name = Products;
			sourceTree = "<group>";
		};
		EE20EEAF2A4615BF00EA4A41 /* InspectorExample */ = {
			isa = PBXGroup;
			children = (
				EE6353752B5F372C0018FB29 /* Extensions */,
				EE6353682B5F1BDB0018FB29 /* Drawing */,
				EE6353672B5F1B9F0018FB29 /* ParkMystery */,
				EE20EEB02A4615BF00EA4A41 /* InspectorExampleApp.swift */,
				EED777622ACA3B9400D8585A /* SideBarView.swift */,
				EE20EEB22A4615BF00EA4A41 /* NavigationSplitView.swift */,
				EE20EEB42A4615C000EA4A41 /* Assets.xcassets */,
				EE20EEB62A4615C000EA4A41 /* Preview Content */,
			);
			path = InspectorExample;
			sourceTree = "<group>";
		};
		EE20EEB62A4615C000EA4A41 /* Preview Content */ = {
			isa = PBXGroup;
			children = (
				EE20EEB72A4615C000EA4A41 /* Preview Assets.xcassets */,
			);
			path = "Preview Content";
			sourceTree = "<group>";
		};
		EE6353672B5F1B9F0018FB29 /* ParkMystery */ = {
			isa = PBXGroup;
			children = (
				EED777682ACA424C00D8585A /* ViewModel */,
				EED7775D2ACA39DB00D8585A /* Views */,
				EED7775C2ACA38D600D8585A /* Extensions */,
				EED7775A2ACA38BF00D8585A /* Models */,
			);
			path = ParkMystery;
			sourceTree = "<group>";
		};
		EE6353682B5F1BDB0018FB29 /* Drawing */ = {
			isa = PBXGroup;
			children = (
				EE63536B2B5F1C480018FB29 /* CanvasExampleView.swift */,
				EE6353692B5F1C480018FB29 /* DrawingEngine.swift */,
				EE63536C2B5F1C480018FB29 /* DrawingShape.swift */,
				EE63536D2B5F1C480018FB29 /* DrawingView.swift */,
				EE63536E2B5F1C480018FB29 /* Line.swift */,
			);
			path = Drawing;
			sourceTree = "<group>";
		};
		EE6353752B5F372C0018FB29 /* Extensions */ = {
			isa = PBXGroup;
			children = (
				EE6353762B5F373E0018FB29 /* UIDevice+Extensions.swift */,
			);
			path = Extensions;
			sourceTree = "<group>";
		};
		EED7775A2ACA38BF00D8585A /* Models */ = {
			isa = PBXGroup;
			children = (
				EE20EEC42A4617A800EA4A41 /* Animal.swift */,
				EE20EEC22A46176D00EA4A41 /* Fruit.swift */,
			);
			path = Models;
			sourceTree = "<group>";
		};
		EED7775C2ACA38D600D8585A /* Extensions */ = {
			isa = PBXGroup;
			children = (
				EED777582ACA38A000D8585A /* Binding+Extensions.swift */,
				EED7775E2ACA39F600D8585A /* Array+Extensions.swift */,
			);
			path = Extensions;
			sourceTree = "<group>";
		};
		EED7775D2ACA39DB00D8585A /* Views */ = {
			isa = PBXGroup;
			children = (
				EED777652ACA41A900D8585A /* Animals */,
				EED777642ACA41A200D8585A /* Fruits */,
				EE20EEC02A46167900EA4A41 /* AppleParkMapView.swift */,
				EE20EECC2A461A3B00EA4A41 /* AnimalInspectorFrom.swift */,
			);
			path = Views;
			sourceTree = "<group>";
		};
		EED777642ACA41A200D8585A /* Fruits */ = {
			isa = PBXGroup;
			children = (
				EED777602ACA3A6500D8585A /* FruitImageView.swift */,
				EE20EEBE2A46164800EA4A41 /* FruitNibbleBulletinView.swift */,
				EE20EECA2A46191900EA4A41 /* FruitList.swift */,
			);
			path = Fruits;
			sourceTree = "<group>";
		};
		EED777652ACA41A900D8585A /* Animals */ = {
			isa = PBXGroup;
			children = (
				EED777662ACA41BD00D8585A /* AnimalTableView.swift */,
			);
			path = Animals;
			sourceTree = "<group>";
		};
		EED777682ACA424C00D8585A /* ViewModel */ = {
			isa = PBXGroup;
			children = (
				EE20EEC82A46187000EA4A41 /* AnimalStore.swift */,
			);
			path = ViewModel;
			sourceTree = "<group>";
		};
/* End PBXGroup section */

/* Begin PBXNativeTarget section */
		EE20EEAC2A4615BF00EA4A41 /* InspectorExample */ = {
			isa = PBXNativeTarget;
			buildConfigurationList = EE20EEBB2A4615C000EA4A41 /* Build configuration list for PBXNativeTarget "InspectorExample" */;
			buildPhases = (
				EE20EEA92A4615BF00EA4A41 /* Sources */,
				EE20EEAA2A4615BF00EA4A41 /* Frameworks */,
				EE20EEAB2A4615BF00EA4A41 /* Resources */,
			);
			buildRules = (
			);
			dependencies = (
			);
			name = InspectorExample;
			productName = InspectorExample;
			productReference = EE20EEAD2A4615BF00EA4A41 /* InspectorExample.app */;
			productType = "com.apple.product-type.application";
		};
/* End PBXNativeTarget section */

/* Begin PBXProject section */
		EE20EEA52A4615BF00EA4A41 /* Project object */ = {
			isa = PBXProject;
			attributes = {
				BuildIndependentTargetsInParallel = 1;
				LastSwiftUpdateCheck = 1500;
				LastUpgradeCheck = 1500;
				TargetAttributes = {
					EE20EEAC2A4615BF00EA4A41 = {
						CreatedOnToolsVersion = 15.0;
					};
				};
			};
			buildConfigurationList = EE20EEA82A4615BF00EA4A41 /* Build configuration list for PBXProject "InspectorExample" */;
			compatibilityVersion = "Xcode 14.0";
			developmentRegion = en;
			hasScannedForEncodings = 0;
			knownRegions = (
				en,
				Base,
			);
			mainGroup = EE20EEA42A4615BF00EA4A41;
			productRefGroup = EE20EEAE2A4615BF00EA4A41 /* Products */;
			projectDirPath = "";
			projectRoot = "";
			targets = (
				EE20EEAC2A4615BF00EA4A41 /* InspectorExample */,
			);
		};
/* End PBXProject section */

/* Begin PBXResourcesBuildPhase section */
		EE20EEAB2A4615BF00EA4A41 /* Resources */ = {
			isa = PBXResourcesBuildPhase;
			buildActionMask = 2147483647;
			files = (
				EE20EEB82A4615C000EA4A41 /* Preview Assets.xcassets in Resources */,
				EE20EEB52A4615C000EA4A41 /* Assets.xcassets in Resources */,
			);
			runOnlyForDeploymentPostprocessing = 0;
		};
/* End PBXResourcesBuildPhase section */

/* Begin PBXSourcesBuildPhase section */
		EE20EEA92A4615BF00EA4A41 /* Sources */ = {
			isa = PBXSourcesBuildPhase;
			buildActionMask = 2147483647;
			files = (
				EE20EEC32A46176D00EA4A41 /* Fruit.swift in Sources */,
				EE20EEBF2A46164800EA4A41 /* FruitNibbleBulletinView.swift in Sources */,
				EE20EEC92A46187000EA4A41 /* AnimalStore.swift in Sources */,
				EED777612ACA3A6500D8585A /* FruitImageView.swift in Sources */,
				EED7775F2ACA39F600D8585A /* Array+Extensions.swift in Sources */,
				EE6353712B5F1C480018FB29 /* CanvasExampleView.swift in Sources */,
				EE6353722B5F1C480018FB29 /* DrawingShape.swift in Sources */,
				EE63536F2B5F1C480018FB29 /* DrawingEngine.swift in Sources */,
				EE20EEB32A4615BF00EA4A41 /* NavigationSplitView.swift in Sources */,
				EE6353742B5F1C480018FB29 /* Line.swift in Sources */,
				EE6353732B5F1C480018FB29 /* DrawingView.swift in Sources */,
				EED777632ACA3B9400D8585A /* SideBarView.swift in Sources */,
				EE20EEB12A4615BF00EA4A41 /* InspectorExampleApp.swift in Sources */,
				EE6353772B5F373E0018FB29 /* UIDevice+Extensions.swift in Sources */,
				EED777592ACA38A000D8585A /* Binding+Extensions.swift in Sources */,
				EE20EEC12A46167900EA4A41 /* AppleParkMapView.swift in Sources */,
				EE20EEC52A4617A800EA4A41 /* Animal.swift in Sources */,
				EE20EECB2A46191900EA4A41 /* FruitList.swift in Sources */,
				EE20EECD2A461A3B00EA4A41 /* AnimalInspectorFrom.swift in Sources */,
				EED777672ACA41BD00D8585A /* AnimalTableView.swift in Sources */,
			);
			runOnlyForDeploymentPostprocessing = 0;
		};
/* End PBXSourcesBuildPhase section */

/* Begin XCBuildConfiguration section */
		EE20EEB92A4615C000EA4A41 /* Debug */ = {
			isa = XCBuildConfiguration;
			buildSettings = {
				ALWAYS_SEARCH_USER_PATHS = NO;
				ASSETCATALOG_COMPILER_GENERATE_SWIFT_ASSET_SYMBOL_EXTENSIONS = YES;
				CLANG_ANALYZER_NONNULL = YES;
				CLANG_ANALYZER_NUMBER_OBJECT_CONVERSION = YES_AGGRESSIVE;
				CLANG_CXX_LANGUAGE_STANDARD = "gnu++20";
				CLANG_ENABLE_MODULES = YES;
				CLANG_ENABLE_OBJC_ARC = YES;
				CLANG_ENABLE_OBJC_WEAK = YES;
				CLANG_WARN_BLOCK_CAPTURE_AUTORELEASING = YES;
				CLANG_WARN_BOOL_CONVERSION = YES;
				CLANG_WARN_COMMA = YES;
				CLANG_WARN_CONSTANT_CONVERSION = YES;
				CLANG_WARN_DEPRECATED_OBJC_IMPLEMENTATIONS = YES;
				CLANG_WARN_DIRECT_OBJC_ISA_USAGE = YES_ERROR;
				CLANG_WARN_DOCUMENTATION_COMMENTS = YES;
				CLANG_WARN_EMPTY_BODY = YES;
				CLANG_WARN_ENUM_CONVERSION = YES;
				CLANG_WARN_INFINITE_RECURSION = YES;
				CLANG_WARN_INT_CONVERSION = YES;
				CLANG_WARN_NON_LITERAL_NULL_CONVERSION = YES;
				CLANG_WARN_OBJC_IMPLICIT_RETAIN_SELF = YES;
				CLANG_WARN_OBJC_LITERAL_CONVERSION = YES;
				CLANG_WARN_OBJC_ROOT_CLASS = YES_ERROR;
				CLANG_WARN_QUOTED_INCLUDE_IN_FRAMEWORK_HEADER = YES;
				CLANG_WARN_RANGE_LOOP_ANALYSIS = YES;
				CLANG_WARN_STRICT_PROTOTYPES = YES;
				CLANG_WARN_SUSPICIOUS_MOVE = YES;
				CLANG_WARN_UNGUARDED_AVAILABILITY = YES_AGGRESSIVE;
				CLANG_WARN_UNREACHABLE_CODE = YES;
				CLANG_WARN__DUPLICATE_METHOD_MATCH = YES;
				COPY_PHASE_STRIP = NO;
				DEBUG_INFORMATION_FORMAT = dwarf;
				ENABLE_STRICT_OBJC_MSGSEND = YES;
				ENABLE_TESTABILITY = YES;
				ENABLE_USER_SCRIPT_SANDBOXING = YES;
				GCC_C_LANGUAGE_STANDARD = gnu17;
				GCC_DYNAMIC_NO_PIC = NO;
				GCC_NO_COMMON_BLOCKS = YES;
				GCC_OPTIMIZATION_LEVEL = 0;
				GCC_PREPROCESSOR_DEFINITIONS = (
					"DEBUG=1",
					"$(inherited)",
				);
				GCC_WARN_64_TO_32_BIT_CONVERSION = YES;
				GCC_WARN_ABOUT_RETURN_TYPE = YES_ERROR;
				GCC_WARN_UNDECLARED_SELECTOR = YES;
				GCC_WARN_UNINITIALIZED_AUTOS = YES_AGGRESSIVE;
				GCC_WARN_UNUSED_FUNCTION = YES;
				GCC_WARN_UNUSED_VARIABLE = YES;
				IPHONEOS_DEPLOYMENT_TARGET = 17.0;
				LOCALIZATION_PREFERS_STRING_CATALOGS = YES;
				MTL_ENABLE_DEBUG_INFO = INCLUDE_SOURCE;
				MTL_FAST_MATH = YES;
				ONLY_ACTIVE_ARCH = YES;
				SDKROOT = iphoneos;
				SWIFT_ACTIVE_COMPILATION_CONDITIONS = "DEBUG $(inherited)";
				SWIFT_OPTIMIZATION_LEVEL = "-Onone";
			};
			name = Debug;
		};
		EE20EEBA2A4615C000EA4A41 /* Release */ = {
			isa = XCBuildConfiguration;
			buildSettings = {
				ALWAYS_SEARCH_USER_PATHS = NO;
				ASSETCATALOG_COMPILER_GENERATE_SWIFT_ASSET_SYMBOL_EXTENSIONS = YES;
				CLANG_ANALYZER_NONNULL = YES;
				CLANG_ANALYZER_NUMBER_OBJECT_CONVERSION = YES_AGGRESSIVE;
				CLANG_CXX_LANGUAGE_STANDARD = "gnu++20";
				CLANG_ENABLE_MODULES = YES;
				CLANG_ENABLE_OBJC_ARC = YES;
				CLANG_ENABLE_OBJC_WEAK = YES;
				CLANG_WARN_BLOCK_CAPTURE_AUTORELEASING = YES;
				CLANG_WARN_BOOL_CONVERSION = YES;
				CLANG_WARN_COMMA = YES;
				CLANG_WARN_CONSTANT_CONVERSION = YES;
				CLANG_WARN_DEPRECATED_OBJC_IMPLEMENTATIONS = YES;
				CLANG_WARN_DIRECT_OBJC_ISA_USAGE = YES_ERROR;
				CLANG_WARN_DOCUMENTATION_COMMENTS = YES;
				CLANG_WARN_EMPTY_BODY = YES;
				CLANG_WARN_ENUM_CONVERSION = YES;
				CLANG_WARN_INFINITE_RECURSION = YES;
				CLANG_WARN_INT_CONVERSION = YES;
				CLANG_WARN_NON_LITERAL_NULL_CONVERSION = YES;
				CLANG_WARN_OBJC_IMPLICIT_RETAIN_SELF = YES;
				CLANG_WARN_OBJC_LITERAL_CONVERSION = YES;
				CLANG_WARN_OBJC_ROOT_CLASS = YES_ERROR;
				CLANG_WARN_QUOTED_INCLUDE_IN_FRAMEWORK_HEADER = YES;
				CLANG_WARN_RANGE_LOOP_ANALYSIS = YES;
				CLANG_WARN_STRICT_PROTOTYPES = YES;
				CLANG_WARN_SUSPICIOUS_MOVE = YES;
				CLANG_WARN_UNGUARDED_AVAILABILITY = YES_AGGRESSIVE;
				CLANG_WARN_UNREACHABLE_CODE = YES;
				CLANG_WARN__DUPLICATE_METHOD_MATCH = YES;
				COPY_PHASE_STRIP = NO;
				DEBUG_INFORMATION_FORMAT = "dwarf-with-dsym";
				ENABLE_NS_ASSERTIONS = NO;
				ENABLE_STRICT_OBJC_MSGSEND = YES;
				ENABLE_USER_SCRIPT_SANDBOXING = YES;
				GCC_C_LANGUAGE_STANDARD = gnu17;
				GCC_NO_COMMON_BLOCKS = YES;
				GCC_WARN_64_TO_32_BIT_CONVERSION = YES;
				GCC_WARN_ABOUT_RETURN_TYPE = YES_ERROR;
				GCC_WARN_UNDECLARED_SELECTOR = YES;
				GCC_WARN_UNINITIALIZED_AUTOS = YES_AGGRESSIVE;
				GCC_WARN_UNUSED_FUNCTION = YES;
				GCC_WARN_UNUSED_VARIABLE = YES;
				IPHONEOS_DEPLOYMENT_TARGET = 17.0;
				LOCALIZATION_PREFERS_STRING_CATALOGS = YES;
				MTL_ENABLE_DEBUG_INFO = NO;
				MTL_FAST_MATH = YES;
				SDKROOT = iphoneos;
				SWIFT_COMPILATION_MODE = wholemodule;
				VALIDATE_PRODUCT = YES;
			};
			name = Release;
		};
		EE20EEBC2A4615C000EA4A41 /* Debug */ = {
			isa = XCBuildConfiguration;
			buildSettings = {
				ASSETCATALOG_COMPILER_APPICON_NAME = AppIcon;
				ASSETCATALOG_COMPILER_GLOBAL_ACCENT_COLOR_NAME = AccentColor;
				CODE_SIGN_STYLE = Automatic;
				CURRENT_PROJECT_VERSION = 1;
				DEVELOPMENT_ASSET_PATHS = "\"InspectorExample/Preview Content\"";
				ENABLE_PREVIEWS = YES;
				GENERATE_INFOPLIST_FILE = YES;
				INFOPLIST_KEY_UIApplicationSceneManifest_Generation = YES;
				INFOPLIST_KEY_UIApplicationSupportsIndirectInputEvents = YES;
				INFOPLIST_KEY_UILaunchScreen_Generation = YES;
				INFOPLIST_KEY_UISupportedInterfaceOrientations_iPad = "UIInterfaceOrientationPortrait UIInterfaceOrientationPortraitUpsideDown UIInterfaceOrientationLandscapeLeft UIInterfaceOrientationLandscapeRight";
				INFOPLIST_KEY_UISupportedInterfaceOrientations_iPhone = "UIInterfaceOrientationPortrait UIInterfaceOrientationLandscapeLeft UIInterfaceOrientationLandscapeRight";
				LD_RUNPATH_SEARCH_PATHS = (
					"$(inherited)",
					"@executable_path/Frameworks",
				);
				MARKETING_VERSION = 1.0;
				PRODUCT_BUNDLE_IDENTIFIER = com.test.InspectorExample;
				PRODUCT_NAME = "$(TARGET_NAME)";
				SWIFT_EMIT_LOC_STRINGS = YES;
				SWIFT_VERSION = 5.0;
				TARGETED_DEVICE_FAMILY = "1,2";
			};
			name = Debug;
		};
		EE20EEBD2A4615C000EA4A41 /* Release */ = {
			isa = XCBuildConfiguration;
			buildSettings = {
				ASSETCATALOG_COMPILER_APPICON_NAME = AppIcon;
				ASSETCATALOG_COMPILER_GLOBAL_ACCENT_COLOR_NAME = AccentColor;
				CODE_SIGN_STYLE = Automatic;
				CURRENT_PROJECT_VERSION = 1;
				DEVELOPMENT_ASSET_PATHS = "\"InspectorExample/Preview Content\"";
				ENABLE_PREVIEWS = YES;
				GENERATE_INFOPLIST_FILE = YES;
				INFOPLIST_KEY_UIApplicationSceneManifest_Generation = YES;
				INFOPLIST_KEY_UIApplicationSupportsIndirectInputEvents = YES;
				INFOPLIST_KEY_UILaunchScreen_Generation = YES;
				INFOPLIST_KEY_UISupportedInterfaceOrientations_iPad = "UIInterfaceOrientationPortrait UIInterfaceOrientationPortraitUpsideDown UIInterfaceOrientationLandscapeLeft UIInterfaceOrientationLandscapeRight";
				INFOPLIST_KEY_UISupportedInterfaceOrientations_iPhone = "UIInterfaceOrientationPortrait UIInterfaceOrientationLandscapeLeft UIInterfaceOrientationLandscapeRight";
				LD_RUNPATH_SEARCH_PATHS = (
					"$(inherited)",
					"@executable_path/Frameworks",
				);
				MARKETING_VERSION = 1.0;
				PRODUCT_BUNDLE_IDENTIFIER = com.test.InspectorExample;
				PRODUCT_NAME = "$(TARGET_NAME)";
				SWIFT_EMIT_LOC_STRINGS = YES;
				SWIFT_VERSION = 5.0;
				TARGETED_DEVICE_FAMILY = "1,2";
			};
			name = Release;
		};
/* End XCBuildConfiguration section */

/* Begin XCConfigurationList section */
		EE20EEA82A4615BF00EA4A41 /* Build configuration list for PBXProject "InspectorExample" */ = {
			isa = XCConfigurationList;
			buildConfigurations = (
				EE20EEB92A4615C000EA4A41 /* Debug */,
				EE20EEBA2A4615C000EA4A41 /* Release */,
			);
			defaultConfigurationIsVisible = 0;
			defaultConfigurationName = Release;
		};
		EE20EEBB2A4615C000EA4A41 /* Build configuration list for PBXNativeTarget "InspectorExample" */ = {
			isa = XCConfigurationList;
			buildConfigurations = (
				EE20EEBC2A4615C000EA4A41 /* Debug */,
				EE20EEBD2A4615C000EA4A41 /* Release */,
			);
			defaultConfigurationIsVisible = 0;
			defaultConfigurationName = Release;
		};
/* End XCConfigurationList section */
	};
	rootObject = EE20EEA52A4615BF00EA4A41 /* Project object */;
}
